
Microsoft Visual Studio Solution File, Format Version 12.00
# Visual Studio 15
VisualStudioVersion = 15.0.26124.0
MinimumVisualStudioVersion = 15.0.26124.0
Project("{FAE04EC0-301F-11D3-BF4B-00C04F79EFBC}") = "Array", "Array\Array.csproj", "{9B60195B-B354-45CA-8CFC-6E7F98C7AD0E}"
EndProject
Project("{FAE04EC0-301F-11D3-BF4B-00C04F79EFBC}") = "Dictionary", "Dictionary\Dictionary.csproj", "{14EC63CD-480B-418F-96FB-14867753103C}"
EndProject
Project("{FAE04EC0-301F-11D3-BF4B-00C04F79EFBC}") = "Queue", "Queue\Queue.csproj", "{63FA7526-0AD9-41B0-B41F-20CC66CE1408}"
EndProject
Project("{FAE04EC0-301F-11D3-BF4B-00C04F79EFBC}") = "Stack", "Stack\Stack.csproj", "{D22B5D7D-D188-4C80-A606-2EE703278939}"
EndProject
Global
	GlobalSection(SolutionConfigurationPlatforms) = preSolution
		Debug|Any CPU = Debug|Any CPU
		Debug|x64 = Debug|x64
		Debug|x86 = Debug|x86
		Release|Any CPU = Release|Any CPU
		Release|x64 = Release|x64
		Release|x86 = Release|x86
	EndGlobalSection
	GlobalSection(SolutionProperties) = preSolution
		HideSolutionNode = FALSE
	EndGlobalSection
	GlobalSection(ProjectConfigurationPlatforms) = postSolution
		{9B60195B-B354-45CA-8CFC-6E7F98C7AD0E}.Debug|Any CPU.ActiveCfg = Debug|Any CPU
		{9B60195B-B354-45CA-8CFC-6E7F98C7AD0E}.Debug|Any CPU.Build.0 = Debug|Any CPU
		{9B60195B-B354-45CA-8CFC-6E7F98C7AD0E}.Debug|x64.ActiveCfg = Debug|Any CPU
		{9B60195B-B354-45CA-8CFC-6E7F98C7AD0E}.Debug|x64.Build.0 = Debug|Any CPU
		{9B60195B-B354-45CA-8CFC-6E7F98C7AD0E}.Debug|x86.ActiveCfg = Debug|Any CPU
		{9B60195B-B354-45CA-8CFC-6E7F98C7AD0E}.Debug|x86.Build.0 = Debug|Any CPU
		{9B60195B-B354-45CA-8CFC-6E7F98C7AD0E}.Release|Any CPU.ActiveCfg = Release|Any CPU
		{9B60195B-B354-45CA-8CFC-6E7F98C7AD0E}.Release|Any CPU.Build.0 = Release|Any CPU
		{9B60195B-B354-45CA-8CFC-6E7F98C7AD0E}.Release|x64.ActiveCfg = Release|Any CPU
		{9B60195B-B354-45CA-8CFC-6E7F98C7AD0E}.Release|x64.Build.0 = Release|Any CPU
		{9B60195B-B354-45CA-8CFC-6E7F98C7AD0E}.Release|x86.ActiveCfg = Release|Any CPU
		{9B60195B-B354-45CA-8CFC-6E7F98C7AD0E}.Release|x86.Build.0 = Release|Any CPU
		{14EC63CD-480B-418F-96FB-14867753103C}.Debug|Any CPU.ActiveCfg = Debug|Any CPU
		{14EC63CD-480B-418F-96FB-14867753103C}.Debug|Any CPU.Build.0 = Debug|Any CPU
		{14EC63CD-480B-418F-96FB-14867753103C}.Debug|x64.ActiveCfg = Debug|Any CPU
		{14EC63CD-480B-418F-96FB-14867753103C}.Debug|x64.Build.0 = Debug|Any CPU
		{14EC63CD-480B-418F-96FB-14867753103C}.Debug|x86.ActiveCfg = Debug|Any CPU
		{14EC63CD-480B-418F-96FB-14867753103C}.Debug|x86.Build.0 = Debug|Any CPU
		{14EC63CD-480B-418F-96FB-14867753103C}.Release|Any CPU.ActiveCfg = Release|Any CPU
		{14EC63CD-480B-418F-96FB-14867753103C}.Release|Any CPU.Build.0 = Release|Any CPU
		{14EC63CD-480B-418F-96FB-14867753103C}.Release|x64.ActiveCfg = Release|Any CPU
		{14EC63CD-480B-418F-96FB-14867753103C}.Release|x64.Build.0 = Release|Any CPU
		{14EC63CD-480B-418F-96FB-14867753103C}.Release|x86.ActiveCfg = Release|Any CPU
		{14EC63CD-480B-418F-96FB-14867753103C}.Release|x86.Build.0 = Release|Any CPU
		{63FA7526-0AD9-41B0-B41F-20CC66CE1408}.Debug|Any CPU.ActiveCfg = Debug|Any CPU
		{63FA7526-0AD9-41B0-B41F-20CC66CE1408}.Debug|Any CPU.Build.0 = Debug|Any CPU
		{63FA7526-0AD9-41B0-B41F-20CC66CE1408}.Debug|x64.ActiveCfg = Debug|Any CPU
		{63FA7526-0AD9-41B0-B41F-20CC66CE1408}.Debug|x64.Build.0 = Debug|Any CPU
		{63FA7526-0AD9-41B0-B41F-20CC66CE1408}.Debug|x86.ActiveCfg = Debug|Any CPU
		{63FA7526-0AD9-41B0-B41F-20CC66CE1408}.Debug|x86.Build.0 = Debug|Any CPU
		{63FA7526-0AD9-41B0-B41F-20CC66CE1408}.Release|Any CPU.ActiveCfg = Release|Any CPU
		{63FA7526-0AD9-41B0-B41F-20CC66CE1408}.Release|Any CPU.Build.0 = Release|Any CPU
		{63FA7526-0AD9-41B0-B41F-20CC66CE1408}.Release|x64.ActiveCfg = Release|Any CPU
		{63FA7526-0AD9-41B0-B41F-20CC66CE1408}.Release|x64.Build.0 = Release|Any CPU
		{63FA7526-0AD9-41B0-B41F-20CC66CE1408}.Release|x86.ActiveCfg = Release|Any CPU
		{63FA7526-0AD9-41B0-B41F-20CC66CE1408}.Release|x86.Build.0 = Release|Any CPU
		{D22B5D7D-D188-4C80-A606-2EE703278939}.Debug|Any CPU.ActiveCfg = Debug|Any CPU
		{D22B5D7D-D188-4C80-A606-2EE703278939}.Debug|Any CPU.Build.0 = Debug|Any CPU
		{D22B5D7D-D188-4C80-A606-2EE703278939}.Debug|x64.ActiveCfg = Debug|Any CPU
		{D22B5D7D-D188-4C80-A606-2EE703278939}.Debug|x64.Build.0 = Debug|Any CPU
		{D22B5D7D-D188-4C80-A606-2EE703278939}.Debug|x86.ActiveCfg = Debug|Any CPU
		{D22B5D7D-D188-4C80-A606-2EE703278939}.Debug|x86.Build.0 = Debug|Any CPU
		{D22B5D7D-D188-4C80-A606-2EE703278939}.Release|Any CPU.ActiveCfg = Release|Any CPU
		{D22B5D7D-D188-4C80-A606-2EE703278939}.Release|Any CPU.Build.0 = Release|Any CPU
		{D22B5D7D-D188-4C80-A606-2EE703278939}.Release|x64.ActiveCfg = Release|Any CPU
		{D22B5D7D-D188-4C80-A606-2EE703278939}.Release|x64.Build.0 = Release|Any CPU
		{D22B5D7D-D188-4C80-A606-2EE703278939}.Release|x86.ActiveCfg = Release|Any CPU
		{D22B5D7D-D188-4C80-A606-2EE703278939}.Release|x86.Build.0 = Release|Any CPU
	EndGlobalSection
EndGlobal
