
Microsoft Visual Studio Solution File, Format Version 12.00
# Visual Studio 15
VisualStudioVersion = 15.0.26124.0
MinimumVisualStudioVersion = 15.0.26124.0
Project("{FAE04EC0-301F-11D3-BF4B-00C04F79EFBC}") = "ForLoop", "ForLoop\ForLoop.csproj", "{D0F68EF3-3807-49A6-8926-0B22BC49183C}"
EndProject
Project("{FAE04EC0-301F-11D3-BF4B-00C04F79EFBC}") = "WhileLoop", "WhileLoop\WhileLoop.csproj", "{BA4F5E2D-559F-49AF-8284-1ED99FA0A35A}"
EndProject
Project("{FAE04EC0-301F-11D3-BF4B-00C04F79EFBC}") = "DoWhileLoop", "DoWhileLoop\DoWhileLoop.csproj", "{E04636A0-2F32-4FA3-969A-69A36B842146}"
EndProject
Project("{FAE04EC0-301F-11D3-BF4B-00C04F79EFBC}") = "Recursion", "Recursion\Recursion.csproj", "{F109916A-F04C-417E-9079-A0E56E92E49B}"
EndProject
Global
	GlobalSection(SolutionConfigurationPlatforms) = preSolution
		Debug|Any CPU = Debug|Any CPU
		Debug|x64 = Debug|x64
		Debug|x86 = Debug|x86
		Release|Any CPU = Release|Any CPU
		Release|x64 = Release|x64
		Release|x86 = Release|x86
	EndGlobalSection
	GlobalSection(SolutionProperties) = preSolution
		HideSolutionNode = FALSE
	EndGlobalSection
	GlobalSection(ProjectConfigurationPlatforms) = postSolution
		{D0F68EF3-3807-49A6-8926-0B22BC49183C}.Debug|Any CPU.ActiveCfg = Debug|Any CPU
		{D0F68EF3-3807-49A6-8926-0B22BC49183C}.Debug|Any CPU.Build.0 = Debug|Any CPU
		{D0F68EF3-3807-49A6-8926-0B22BC49183C}.Debug|x64.ActiveCfg = Debug|Any CPU
		{D0F68EF3-3807-49A6-8926-0B22BC49183C}.Debug|x64.Build.0 = Debug|Any CPU
		{D0F68EF3-3807-49A6-8926-0B22BC49183C}.Debug|x86.ActiveCfg = Debug|Any CPU
		{D0F68EF3-3807-49A6-8926-0B22BC49183C}.Debug|x86.Build.0 = Debug|Any CPU
		{D0F68EF3-3807-49A6-8926-0B22BC49183C}.Release|Any CPU.ActiveCfg = Release|Any CPU
		{D0F68EF3-3807-49A6-8926-0B22BC49183C}.Release|Any CPU.Build.0 = Release|Any CPU
		{D0F68EF3-3807-49A6-8926-0B22BC49183C}.Release|x64.ActiveCfg = Release|Any CPU
		{D0F68EF3-3807-49A6-8926-0B22BC49183C}.Release|x64.Build.0 = Release|Any CPU
		{D0F68EF3-3807-49A6-8926-0B22BC49183C}.Release|x86.ActiveCfg = Release|Any CPU
		{D0F68EF3-3807-49A6-8926-0B22BC49183C}.Release|x86.Build.0 = Release|Any CPU
		{BA4F5E2D-559F-49AF-8284-1ED99FA0A35A}.Debug|Any CPU.ActiveCfg = Debug|Any CPU
		{BA4F5E2D-559F-49AF-8284-1ED99FA0A35A}.Debug|Any CPU.Build.0 = Debug|Any CPU
		{BA4F5E2D-559F-49AF-8284-1ED99FA0A35A}.Debug|x64.ActiveCfg = Debug|Any CPU
		{BA4F5E2D-559F-49AF-8284-1ED99FA0A35A}.Debug|x64.Build.0 = Debug|Any CPU
		{BA4F5E2D-559F-49AF-8284-1ED99FA0A35A}.Debug|x86.ActiveCfg = Debug|Any CPU
		{BA4F5E2D-559F-49AF-8284-1ED99FA0A35A}.Debug|x86.Build.0 = Debug|Any CPU
		{BA4F5E2D-559F-49AF-8284-1ED99FA0A35A}.Release|Any CPU.ActiveCfg = Release|Any CPU
		{BA4F5E2D-559F-49AF-8284-1ED99FA0A35A}.Release|Any CPU.Build.0 = Release|Any CPU
		{BA4F5E2D-559F-49AF-8284-1ED99FA0A35A}.Release|x64.ActiveCfg = Release|Any CPU
		{BA4F5E2D-559F-49AF-8284-1ED99FA0A35A}.Release|x64.Build.0 = Release|Any CPU
		{BA4F5E2D-559F-49AF-8284-1ED99FA0A35A}.Release|x86.ActiveCfg = Release|Any CPU
		{BA4F5E2D-559F-49AF-8284-1ED99FA0A35A}.Release|x86.Build.0 = Release|Any CPU
		{E04636A0-2F32-4FA3-969A-69A36B842146}.Debug|Any CPU.ActiveCfg = Debug|Any CPU
		{E04636A0-2F32-4FA3-969A-69A36B842146}.Debug|Any CPU.Build.0 = Debug|Any CPU
		{E04636A0-2F32-4FA3-969A-69A36B842146}.Debug|x64.ActiveCfg = Debug|Any CPU
		{E04636A0-2F32-4FA3-969A-69A36B842146}.Debug|x64.Build.0 = Debug|Any CPU
		{E04636A0-2F32-4FA3-969A-69A36B842146}.Debug|x86.ActiveCfg = Debug|Any CPU
		{E04636A0-2F32-4FA3-969A-69A36B842146}.Debug|x86.Build.0 = Debug|Any CPU
		{E04636A0-2F32-4FA3-969A-69A36B842146}.Release|Any CPU.ActiveCfg = Release|Any CPU
		{E04636A0-2F32-4FA3-969A-69A36B842146}.Release|Any CPU.Build.0 = Release|Any CPU
		{E04636A0-2F32-4FA3-969A-69A36B842146}.Release|x64.ActiveCfg = Release|Any CPU
		{E04636A0-2F32-4FA3-969A-69A36B842146}.Release|x64.Build.0 = Release|Any CPU
		{E04636A0-2F32-4FA3-969A-69A36B842146}.Release|x86.ActiveCfg = Release|Any CPU
		{E04636A0-2F32-4FA3-969A-69A36B842146}.Release|x86.Build.0 = Release|Any CPU
		{F109916A-F04C-417E-9079-A0E56E92E49B}.Debug|Any CPU.ActiveCfg = Debug|Any CPU
		{F109916A-F04C-417E-9079-A0E56E92E49B}.Debug|Any CPU.Build.0 = Debug|Any CPU
		{F109916A-F04C-417E-9079-A0E56E92E49B}.Debug|x64.ActiveCfg = Debug|Any CPU
		{F109916A-F04C-417E-9079-A0E56E92E49B}.Debug|x64.Build.0 = Debug|Any CPU
		{F109916A-F04C-417E-9079-A0E56E92E49B}.Debug|x86.ActiveCfg = Debug|Any CPU
		{F109916A-F04C-417E-9079-A0E56E92E49B}.Debug|x86.Build.0 = Debug|Any CPU
		{F109916A-F04C-417E-9079-A0E56E92E49B}.Release|Any CPU.ActiveCfg = Release|Any CPU
		{F109916A-F04C-417E-9079-A0E56E92E49B}.Release|Any CPU.Build.0 = Release|Any CPU
		{F109916A-F04C-417E-9079-A0E56E92E49B}.Release|x64.ActiveCfg = Release|Any CPU
		{F109916A-F04C-417E-9079-A0E56E92E49B}.Release|x64.Build.0 = Release|Any CPU
		{F109916A-F04C-417E-9079-A0E56E92E49B}.Release|x86.ActiveCfg = Release|Any CPU
		{F109916A-F04C-417E-9079-A0E56E92E49B}.Release|x86.Build.0 = Release|Any CPU
	EndGlobalSection
EndGlobal
